
Microsoft Visual Studio Solution File, Format Version 12.00
# Visual Studio Version 16
VisualStudioVersion = 16.0.30717.126
MinimumVisualStudioVersion = 10.0.40219.1
Project("{FAE04EC0-301F-11D3-BF4B-00C04F79EFBC}") = "prodApi", "prodApi.csproj", "{1B1DDCB5-98D0-455C-9A91-D8FC7D101768}"
EndProject
Global
	GlobalSection(SolutionConfigurationPlatforms) = preSolution
		Debug|Any CPU = Debug|Any CPU
		Release|Any CPU = Release|Any CPU
	EndGlobalSection
	GlobalSection(ProjectConfigurationPlatforms) = postSolution
		{1B1DDCB5-98D0-455C-9A91-D8FC7D101768}.Debug|Any CPU.ActiveCfg = Debug|Any CPU
		{1B1DDCB5-98D0-455C-9A91-D8FC7D101768}.Debug|Any CPU.Build.0 = Debug|Any CPU
		{1B1DDCB5-98D0-455C-9A91-D8FC7D101768}.Release|Any CPU.ActiveCfg = Release|Any CPU
		{1B1DDCB5-98D0-455C-9A91-D8FC7D101768}.Release|Any CPU.Build.0 = Release|Any CPU
	EndGlobalSection
	GlobalSection(SolutionProperties) = preSolution
		HideSolutionNode = FALSE
	EndGlobalSection
	GlobalSection(ExtensibilityGlobals) = postSolution
		SolutionGuid = {4B6AA43E-C50E-4523-9DB1-DD3060988F46}
	EndGlobalSection
EndGlobal
